github.com/klauspost/compress v1.17.9 h1:6KIumPrER1LHsvBVuDa0r5xaG0Es51mhhB9BQB2qeMA=
github.com/klauspost/compress v1.17.9/go.mod h1:Di0epgTjJY877eYKx5yC51cX2A2Vl2ibi7bDH9ttBbw=
github.com/nats-io/nats.go v1.39.1 h1:oTkfKBmz7W047vRxV762M67ZdXeOtUgvbBaNoQ+3PPk=
github.com/nats-io/nats.go v1.39.1/go.mod h1:MgRb8oOdigA6cYpEPhXJuRVH6UE/V4jblJ2jQ27IXYM=
github.com/nats-io/nkeys v0.4.9 h1:qe9Faq2Gxwi6RZnZMXfmGMZkg3afLLOtrU+gDZJ35b0=
github.com/nats-io/nkeys v0.4.9/go.mod h1:jcMqs+FLG+W5YO36OX6wFIFcmpdAns+w1Wm6D3I/evE=
github.com/nats-io/nuid v1.0.1 h1:5iA8DT8V7q8WK2EScv2padNa/rTESc1KdnPw4TC2paw=
github.com/nats-io/nuid v1.0.1/go.mod h1:19wcPz3Ph3q0Jbyiqsd0kePYG7A95tJPxeL+1OSON2c=
golang.org/x/crypto v0.52.0 h1:RMs7fP2rXdep0CftQlK8Uf+kibLm7qkCcradZWYz988=
golang.org/x/crypto v0.52.0/go.mod h1:1QgfPxDqh0T2M/elOJtp9RvuR95kVjir0e6/BvEmGbc=
golang.org/x/sys v0.45.0 h1:dO4czNzziLiiXplLQgBCEpCvXQ3dnkn0SdaZSYdQ+FY=
golang.org/x/sys v0.45.0/go.mod h1:4GL1E5IUh+htKOUEOaiffhrAeqysfVGipDYzABqnCmw=
